
Microsoft Visual Studio Solution File, Format Version 12.00
# Visual Studio Version 17
VisualStudioVersion = 17.0.32126.317
MinimumVisualStudioVersion = 10.0.40219.1
Project("{FAE04EC0-301F-11D3-BF4B-00C04F79EFBC}") = "TestGuidelinesDevin", "TestGuidelinesDevin.csproj", "{18A9CB31-093A-49FB-BD68-CFF06F99693E}"
EndProject
Global
	GlobalSection(SolutionConfigurationPlatforms) = preSolution
		Debug|Any CPU = Debug|Any CPU
		Release|Any CPU = Release|Any CPU
	EndGlobalSection
	GlobalSection(ProjectConfigurationPlatforms) = postSolution
		{18A9CB31-093A-49FB-BD68-CFF06F99693E}.Debug|Any CPU.ActiveCfg = Debug|Any CPU
		{18A9CB31-093A-49FB-BD68-CFF06F99693E}.Debug|Any CPU.Build.0 = Debug|Any CPU
		{18A9CB31-093A-49FB-BD68-CFF06F99693E}.Release|Any CPU.ActiveCfg = Release|Any CPU
		{18A9CB31-093A-49FB-BD68-CFF06F99693E}.Release|Any CPU.Build.0 = Release|Any CPU
	EndGlobalSection
	GlobalSection(SolutionProperties) = preSolution
		HideSolutionNode = FALSE
	EndGlobalSection
	GlobalSection(ExtensibilityGlobals) = postSolution
		SolutionGuid = {312EC49F-F35F-4552-84C5-5814C16B93A2}
	EndGlobalSection
EndGlobal
